
Microsoft Visual Studio Solution File, Format Version 12.00
# Visual Studio Version 17
VisualStudioVersion = 17.5.002.0
MinimumVisualStudioVersion = 10.0.40219.1
Project("{9A19103F-16F7-4668-BE54-9A1E7A4F7556}") = "API", "API.csproj", "{DB41F8FD-F707-4577-B681-19BB172F7632}"
EndProject
Global
	GlobalSection(SolutionConfigurationPlatforms) = preSolution
		Debug|Any CPU = Debug|Any CPU
		Release|Any CPU = Release|Any CPU
	EndGlobalSection
	GlobalSection(ProjectConfigurationPlatforms) = postSolution
		{DB41F8FD-F707-4577-B681-19BB172F7632}.Debug|Any CPU.ActiveCfg = Debug|Any CPU
		{DB41F8FD-F707-4577-B681-19BB172F7632}.Debug|Any CPU.Build.0 = Debug|Any CPU
		{DB41F8FD-F707-4577-B681-19BB172F7632}.Release|Any CPU.ActiveCfg = Release|Any CPU
		{DB41F8FD-F707-4577-B681-19BB172F7632}.Release|Any CPU.Build.0 = Release|Any CPU
	EndGlobalSection
	GlobalSection(SolutionProperties) = preSolution
		HideSolutionNode = FALSE
	EndGlobalSection
	GlobalSection(ExtensibilityGlobals) = postSolution
		SolutionGuid = {A02924ED-0415-4A3C-AE73-0C0442E27E0D}
	EndGlobalSection
EndGlobal
